{
    "version": 3,
    "terraform_version": "0.11.10",
    "serial": 2,
    "lineage": "34ea1eaf-7bb8-8ca8-fbe6-f2062af492ca",
    "modules": [
        {
            "path": [
                "root"
            ],
            "outputs": {},
            "resources": {
                "aws_instance.web": {
                    "type": "aws_instance",
                    "depends_on": [
                        "aws_security_group.sg",
                        "aws_subnet.main"
                    ],
                    "primary": {
                        "id": "i-0f517cb22f117a148",
                        "attributes": {
                            "ami": "ami-0233214e13e500f77",
                            "arn": "arn:aws:ec2:eu-central-1:679859259496:instance/i-0f517cb22f117a148",
                            "associate_public_ip_address": "true",
                            "availability_zone": "eu-central-1b",
                            "cpu_core_count": "1",
                            "cpu_threads_per_core": "1",
                            "credit_specification.#": "1",
                            "credit_specification.0.cpu_credits": "standard",
                            "disable_api_termination": "false",
                            "ebs_block_device.#": "0",
                            "ebs_optimized": "false",
                            "ephemeral_block_device.#": "0",
                            "get_password_data": "false",
                            "iam_instance_profile": "",
                            "id": "i-0f517cb22f117a148",
                            "instance_state": "running",
                            "instance_type": "t2.micro",
                            "ipv6_addresses.#": "0",
                            "key_name": "session_key",
                            "monitoring": "false",
                            "network_interface.#": "0",
                            "network_interface_id": "eni-061439fa07d345631",
                            "password_data": "",
                            "placement_group": "",
                            "primary_network_interface_id": "eni-061439fa07d345631",
                            "private_dns": "ip-10-0-10-100.eu-central-1.compute.internal",
                            "private_ip": "10.0.10.100",
                            "public_dns": "ec2-3-121-22-139.eu-central-1.compute.amazonaws.com",
                            "public_ip": "3.121.22.139",
                            "root_block_device.#": "1",
                            "root_block_device.0.delete_on_termination": "true",
                            "root_block_device.0.iops": "100",
                            "root_block_device.0.volume_id": "vol-02c317ec2361608c6",
                            "root_block_device.0.volume_size": "8",
                            "root_block_device.0.volume_type": "gp2",
                            "security_groups.#": "0",
                            "source_dest_check": "true",
                            "subnet_id": "subnet-00b6bfd3f086a332c",
                            "tags.%": "1",
                            "tags.Name": "devops-terraform",
                            "tenancy": "default",
                            "volume_tags.%": "0",
                            "vpc_security_group_ids.#": "1",
                            "vpc_security_group_ids.216552943": "sg-0af516c43cf438f22"
                        },
                        "meta": {
                            "e2bfb730-ecaa-11e6-8f88-34363bc7c4c0": {
                                "create": 600000000000,
                                "delete": 1200000000000,
                                "update": 600000000000
                            },
                            "schema_version": "1"
                        },
                        "tainted": false
                    },
                    "deposed": [],
                    "provider": "provider.aws"
                },
                "aws_internet_gateway.gw": {
                    "type": "aws_internet_gateway",
                    "depends_on": [
                        "aws_vpc.devops"
                    ],
                    "primary": {
                        "id": "igw-0372feedccae6512f",
                        "attributes": {
                            "id": "igw-0372feedccae6512f",
                            "tags.%": "1",
                            "tags.Name": "DevOps-igw",
                            "vpc_id": "vpc-08f568408ba29870d"
                        },
                        "meta": {},
                        "tainted": false
                    },
                    "deposed": [],
                    "provider": "provider.aws"
                },
                "aws_route_table.rt": {
                    "type": "aws_route_table",
                    "depends_on": [
                        "aws_internet_gateway.gw",
                        "aws_vpc.devops"
                    ],
                    "primary": {
                        "id": "rtb-006cc54d436498d6b",
                        "attributes": {
                            "id": "rtb-006cc54d436498d6b",
                            "propagating_vgws.#": "0",
                            "route.#": "1",
                            "route.1554634788.cidr_block": "0.0.0.0/0",
                            "route.1554634788.egress_only_gateway_id": "",
                            "route.1554634788.gateway_id": "igw-0372feedccae6512f",
                            "route.1554634788.instance_id": "",
                            "route.1554634788.ipv6_cidr_block": "",
                            "route.1554634788.nat_gateway_id": "",
                            "route.1554634788.network_interface_id": "",
                            "route.1554634788.vpc_peering_connection_id": "",
                            "tags.%": "1",
                            "tags.Name": "DevOop_route",
                            "vpc_id": "vpc-08f568408ba29870d"
                        },
                        "meta": {},
                        "tainted": false
                    },
                    "deposed": [],
                    "provider": "provider.aws"
                },
                "aws_route_table_association.asc": {
                    "type": "aws_route_table_association",
                    "depends_on": [
                        "aws_route_table.rt",
                        "aws_subnet.main"
                    ],
                    "primary": {
                        "id": "rtbassoc-087032327b1570d44",
                        "attributes": {
                            "id": "rtbassoc-087032327b1570d44",
                            "route_table_id": "rtb-006cc54d436498d6b",
                            "subnet_id": "subnet-00b6bfd3f086a332c"
                        },
                        "meta": {},
                        "tainted": false
                    },
                    "deposed": [],
                    "provider": "provider.aws"
                },
                "aws_security_group.sg": {
                    "type": "aws_security_group",
                    "depends_on": [
                        "aws_vpc.devops"
                    ],
                    "primary": {
                        "id": "sg-0af516c43cf438f22",
                        "attributes": {
                            "arn": "arn:aws:ec2:eu-central-1:679859259496:security-group/sg-0af516c43cf438f22",
                            "description": "Managed by Terraform",
                            "egress.#": "1",
                            "egress.482069346.cidr_blocks.#": "1",
                            "egress.482069346.cidr_blocks.0": "0.0.0.0/0",
                            "egress.482069346.description": "",
                            "egress.482069346.from_port": "0",
                            "egress.482069346.ipv6_cidr_blocks.#": "0",
                            "egress.482069346.prefix_list_ids.#": "0",
                            "egress.482069346.protocol": "-1",
                            "egress.482069346.security_groups.#": "0",
                            "egress.482069346.self": "false",
                            "egress.482069346.to_port": "0",
                            "id": "sg-0af516c43cf438f22",
                            "ingress.#": "2",
                            "ingress.2214680975.cidr_blocks.#": "1",
                            "ingress.2214680975.cidr_blocks.0": "0.0.0.0/0",
                            "ingress.2214680975.description": "",
                            "ingress.2214680975.from_port": "80",
                            "ingress.2214680975.ipv6_cidr_blocks.#": "0",
                            "ingress.2214680975.prefix_list_ids.#": "0",
                            "ingress.2214680975.protocol": "tcp",
                            "ingress.2214680975.security_groups.#": "0",
                            "ingress.2214680975.self": "false",
                            "ingress.2214680975.to_port": "80",
                            "ingress.2541437006.cidr_blocks.#": "1",
                            "ingress.2541437006.cidr_blocks.0": "0.0.0.0/0",
                            "ingress.2541437006.description": "",
                            "ingress.2541437006.from_port": "22",
                            "ingress.2541437006.ipv6_cidr_blocks.#": "0",
                            "ingress.2541437006.prefix_list_ids.#": "0",
                            "ingress.2541437006.protocol": "tcp",
                            "ingress.2541437006.security_groups.#": "0",
                            "ingress.2541437006.self": "false",
                            "ingress.2541437006.to_port": "22",
                            "name": "DevOps_sg",
                            "owner_id": "679859259496",
                            "revoke_rules_on_delete": "false",
                            "tags.%": "0",
                            "vpc_id": "vpc-08f568408ba29870d"
                        },
                        "meta": {
                            "e2bfb730-ecaa-11e6-8f88-34363bc7c4c0": {
                                "create": 600000000000,
                                "delete": 600000000000
                            },
                            "schema_version": "1"
                        },
                        "tainted": false
                    },
                    "deposed": [],
                    "provider": "provider.aws"
                },
                "aws_subnet.main": {
                    "type": "aws_subnet",
                    "depends_on": [
                        "aws_vpc.devops"
                    ],
                    "primary": {
                        "id": "subnet-00b6bfd3f086a332c",
                        "attributes": {
                            "arn": "arn:aws:ec2:eu-central-1:679859259496:subnet/subnet-00b6bfd3f086a332c",
                            "assign_ipv6_address_on_creation": "false",
                            "availability_zone": "eu-central-1b",
                            "cidr_block": "10.0.10.0/25",
                            "id": "subnet-00b6bfd3f086a332c",
                            "map_public_ip_on_launch": "false",
                            "tags.%": "1",
                            "tags.Name": "Data-modeling",
                            "vpc_id": "vpc-08f568408ba29870d"
                        },
                        "meta": {
                            "e2bfb730-ecaa-11e6-8f88-34363bc7c4c0": {
                                "create": 600000000000,
                                "delete": 600000000000
                            },
                            "schema_version": "1"
                        },
                        "tainted": false
                    },
                    "deposed": [],
                    "provider": "provider.aws"
                },
                "aws_vpc.devops": {
                    "type": "aws_vpc",
                    "depends_on": [],
                    "primary": {
                        "id": "vpc-08f568408ba29870d",
                        "attributes": {
                            "arn": "arn:aws:ec2:eu-central-1:679859259496:vpc/vpc-08f568408ba29870d",
                            "assign_generated_ipv6_cidr_block": "false",
                            "cidr_block": "10.0.10.0/24",
                            "default_network_acl_id": "acl-0eb19fe536e6ab386",
                            "default_route_table_id": "rtb-05b1a49e4fc9e1eda",
                            "default_security_group_id": "sg-09ead9f6d5c464d25",
                            "dhcp_options_id": "dopt-928ba6f9",
                            "enable_dns_hostnames": "true",
                            "enable_dns_support": "true",
                            "id": "vpc-08f568408ba29870d",
                            "instance_tenancy": "default",
                            "main_route_table_id": "rtb-05b1a49e4fc9e1eda",
                            "tags.%": "1",
                            "tags.Name": "DevOps_vpc"
                        },
                        "meta": {
                            "schema_version": "1"
                        },
                        "tainted": false
                    },
                    "deposed": [],
                    "provider": "provider.aws"
                }
            },
            "depends_on": []
        }
    ]
}
